<?xml version="1.0" encoding="utf-8"?>
<Project ToolsVersion="4.0" xmlns="http://schemas.microsoft.com/developer/msbuild/2003">
  <ItemGroup>
    <Filter Include="Source Files">
      <UniqueIdentifier>{4FC737F1-C7A5-4376-A066-2A32D752A2FF}</UniqueIdentifier>
      <Extensions>cpp;c;cc;cxx;def;odl;idl;hpj;bat;asm;asmx</Extensions>
    </Filter>
    <Filter Include="Header Files">
      <UniqueIdentifier>{93995380-89BD-4b04-88EB-625FBE52EBFB}</UniqueIdentifier>
      <Extensions>h;hh;hpp;hxx;hm;inl;inc;xsd</Extensions>
    </Filter>
    <Filter Include="Resource Files">
      <UniqueIdentifier>{67DA6AB6-F800-4c08-8B7A-83BB121AAD01}</UniqueIdentifier>
      <Extensions>rc;ico;cur;bmp;dlg;rc2;rct;bin;rgs;gif;jpg;jpeg;jpe;resx;tiff;tif;png;wav</Extensions>
    </Filter>
  </ItemGroup>
  <ItemGroup>
    <ClInclude Include="src\sgl_window.hpp">
      <Filter>Header Files</Filter>
    </ClInclude>
    <ClInclude Include="src\sgl_shader.hpp">
      <Filter>Header Files</Filter>
    </ClInclude>
    <ClInclude Include="src\sgl_shader_uniform.hpp">
      <Filter>Header Files</Filter>
    </ClInclude>
    <ClInclude Include="src\sgl_modelloader.hpp">
      <Filter>Header Files</Filter>
    </ClInclude>
    <ClInclude Include="src\sgl_texture.hpp">
      <Filter>Header Files</Filter>
    </ClInclude>
    <ClInclude Include="src\sgl_joystick.hpp">
      <Filter>Header Files</Filter>
    </ClInclude>
    <ClInclude Include="src\sgl_camera.hpp">
      <Filter>Header Files</Filter>
    </ClInclude>
    <ClInclude Include="src\sgl_mesh.hpp">
      <Filter>Header Files</Filter>
    </ClInclude>
    <ClInclude Include="src\sgl_timer.hpp">
      <Filter>Header Files</Filter>
    </ClInclude>
    <ClInclude Include="src\sgl_window_context.hpp">
      <Filter>Header Files</Filter>
    </ClInclude>
    <ClInclude Include="lib\windows\GLFW\glfw3.h">
      <Filter>Header Files</Filter>
    </ClInclude>
    <ClInclude Include="lib\windows\GLFW\glfw3native.h">
      <Filter>Header Files</Filter>
    </ClInclude>
  </ItemGroup>
  <ItemGroup>
    <None Include="assets\frag.glsl">
      <Filter>Resource Files</Filter>
    </None>
    <None Include="assets\vert.glsl">
      <Filter>Resource Files</Filter>
    </None>
  </ItemGroup>
  <ItemGroup>
    <ResourceCompile Include="simgl.rc">
      <Filter>Resource Files</Filter>
    </ResourceCompile>
  </ItemGroup>
  <ItemGroup>
    <Image Include="assets\icon.ico">
      <Filter>Resource Files</Filter>
    </Image>
  </ItemGroup>
  <ItemGroup>
    <ClCompile Include="src\sgl_camera.cpp">
      <Filter>Source Files</Filter>
    </ClCompile>
    <ClCompile Include="src\sgl_joystick.cpp">
      <Filter>Source Files</Filter>
    </ClCompile>
    <ClCompile Include="src\sgl_mesh.cpp">
      <Filter>Source Files</Filter>
    </ClCompile>
    <ClCompile Include="src\sgl_modelloader.cpp">
      <Filter>Source Files</Filter>
    </ClCompile>
    <ClCompile Include="src\sgl_shader.cpp">
      <Filter>Source Files</Filter>
    </ClCompile>
    <ClCompile Include="src\sgl_shader_uniform.cpp">
      <Filter>Source Files</Filter>
    </ClCompile>
    <ClCompile Include="src\sgl_texture.cpp">
      <Filter>Source Files</Filter>
    </ClCompile>
    <ClCompile Include="src\sgl_timer.cpp">
      <Filter>Source Files</Filter>
    </ClCompile>
    <ClCompile Include="src\sgl_window.cpp">
      <Filter>Source Files</Filter>
    </ClCompile>
    <ClCompile Include="src\sgl_window_context.cpp">
      <Filter>Source Files</Filter>
    </ClCompile>
    <ClCompile Include="lib\windows\gl3w.cpp">
      <Filter>Source Files</Filter>
    </ClCompile>
    <ClCompile Include="lib\windows\imgui\imgui.cpp">
      <Filter>Source Files</Filter>
    </ClCompile>
    <ClCompile Include="lib\windows\imgui\imgui_draw.cpp">
      <Filter>Source Files</Filter>
    </ClCompile>
    <ClCompile Include="lib\windows\imgui\imgui_impl.cpp">
      <Filter>Source Files</Filter>
    </ClCompile>
    <ClCompile Include="lib\windows\angelscript\add_on\scriptarray\scriptarray.cpp">
      <Filter>Source Files</Filter>
    </ClCompile>
    <ClCompile Include="lib\windows\angelscript\add_on\scriptbuilder\scriptbuilder.cpp">
      <Filter>Source Files</Filter>
    </ClCompile>
    <ClCompile Include="lib\windows\angelscript\add_on\scriptstdstring\scriptstdstring.cpp">
      <Filter>Source Files</Filter>
    </ClCompile>
    <ClCompile Include="lib\windows\angelscript\add_on\scriptstdstring\scriptstdstring_utils.cpp">
      <Filter>Source Files</Filter>
    </ClCompile>
    <ClCompile Include="lib\windows\angelscript\add_on\scripthelper\scripthelper.cpp">
      <Filter>Source Files</Filter>
    </ClCompile>
    <ClCompile Include="WaterTest.cpp">
      <Filter>Source Files</Filter>
    </ClCompile>
  </ItemGroup>
</Project>